
Microsoft Visual Studio Solution File, Format Version 12.00
# Visual Studio Version 16
VisualStudioVersion = 16.0.32126.315
MinimumVisualStudioVersion = 10.0.40219.1
Project("{FAE04EC0-301F-11D3-BF4B-00C04F79EFBC}") = "linq-csv", "linq-csv\linq-csv.csproj", "{31A654CA-EBA1-43F6-B0F5-A821AC15E8AB}"
EndProject
Global
	GlobalSection(SolutionConfigurationPlatforms) = preSolution
		Debug|Any CPU = Debug|Any CPU
		Release|Any CPU = Release|Any CPU
	EndGlobalSection
	GlobalSection(ProjectConfigurationPlatforms) = postSolution
		{31A654CA-EBA1-43F6-B0F5-A821AC15E8AB}.Debug|Any CPU.ActiveCfg = Debug|Any CPU
		{31A654CA-EBA1-43F6-B0F5-A821AC15E8AB}.Debug|Any CPU.Build.0 = Debug|Any CPU
		{31A654CA-EBA1-43F6-B0F5-A821AC15E8AB}.Release|Any CPU.ActiveCfg = Release|Any CPU
		{31A654CA-EBA1-43F6-B0F5-A821AC15E8AB}.Release|Any CPU.Build.0 = Release|Any CPU
	EndGlobalSection
	GlobalSection(SolutionProperties) = preSolution
		HideSolutionNode = FALSE
	EndGlobalSection
	GlobalSection(ExtensibilityGlobals) = postSolution
		SolutionGuid = {EE86C8F0-C887-467E-97C1-EF76C141B603}
	EndGlobalSection
EndGlobal
